
Microsoft Visual Studio Solution File, Format Version 12.00
# Visual Studio Version 17
VisualStudioVersion = 17.6.33723.286
MinimumVisualStudioVersion = 10.0.40219.1
Project("{FAE04EC0-301F-11D3-BF4B-00C04F79EFBC}") = "ByteMasterAPI", "ByteMasterAPI\ByteMasterAPI.csproj", "{2D33D0D4-2833-41B0-A3F4-CB420A019E7D}"
EndProject
Global
	GlobalSection(SolutionConfigurationPlatforms) = preSolution
		Debug|Any CPU = Debug|Any CPU
		Release|Any CPU = Release|Any CPU
	EndGlobalSection
	GlobalSection(ProjectConfigurationPlatforms) = postSolution
		{2D33D0D4-2833-41B0-A3F4-CB420A019E7D}.Debug|Any CPU.ActiveCfg = Debug|Any CPU
		{2D33D0D4-2833-41B0-A3F4-CB420A019E7D}.Debug|Any CPU.Build.0 = Debug|Any CPU
		{2D33D0D4-2833-41B0-A3F4-CB420A019E7D}.Release|Any CPU.ActiveCfg = Release|Any CPU
		{2D33D0D4-2833-41B0-A3F4-CB420A019E7D}.Release|Any CPU.Build.0 = Release|Any CPU
	EndGlobalSection
	GlobalSection(SolutionProperties) = preSolution
		HideSolutionNode = FALSE
	EndGlobalSection
	GlobalSection(ExtensibilityGlobals) = postSolution
		SolutionGuid = {151ECF41-A737-4CF8-A85A-93CE0AA77604}
	EndGlobalSection
EndGlobal
